
Microsoft Visual Studio Solution File, Format Version 12.00
# Visual Studio Version 17
VisualStudioVersion = 17.7.34031.279
MinimumVisualStudioVersion = 10.0.40219.1
Project("{9A19103F-16F7-4668-BE54-9A1E7A4F7556}") = "Server", "Server.csproj", "{A05B48D5-5141-4F35-A289-2F5BA5337340}"
EndProject
Project("{9A19103F-16F7-4668-BE54-9A1E7A4F7556}") = "Client", "..\Client\Client.csproj", "{714B1C9B-802B-47D6-8C95-371D3BB10A5A}"
EndProject
Project("{9A19103F-16F7-4668-BE54-9A1E7A4F7556}") = "NetConnection", "..\NetConnection\NetConnection.csproj", "{4C475A8A-74EB-46C9-B074-8AD59D23D4E0}"
EndProject
Project("{FAE04EC0-301F-11D3-BF4B-00C04F79EFBC}") = "WindowView", "..\WindowView\WindowView.csproj", "{1FF52FD9-4AA9-4FEF-8DF8-8F7B0AD299F3}"
EndProject
Global
	GlobalSection(SolutionConfigurationPlatforms) = preSolution
		Debug|Any CPU = Debug|Any CPU
		Release|Any CPU = Release|Any CPU
	EndGlobalSection
	GlobalSection(ProjectConfigurationPlatforms) = postSolution
		{A05B48D5-5141-4F35-A289-2F5BA5337340}.Debug|Any CPU.ActiveCfg = Debug|Any CPU
		{A05B48D5-5141-4F35-A289-2F5BA5337340}.Debug|Any CPU.Build.0 = Debug|Any CPU
		{A05B48D5-5141-4F35-A289-2F5BA5337340}.Release|Any CPU.ActiveCfg = Release|Any CPU
		{A05B48D5-5141-4F35-A289-2F5BA5337340}.Release|Any CPU.Build.0 = Release|Any CPU
		{714B1C9B-802B-47D6-8C95-371D3BB10A5A}.Debug|Any CPU.ActiveCfg = Debug|Any CPU
		{714B1C9B-802B-47D6-8C95-371D3BB10A5A}.Debug|Any CPU.Build.0 = Debug|Any CPU
		{714B1C9B-802B-47D6-8C95-371D3BB10A5A}.Release|Any CPU.ActiveCfg = Release|Any CPU
		{714B1C9B-802B-47D6-8C95-371D3BB10A5A}.Release|Any CPU.Build.0 = Release|Any CPU
		{4C475A8A-74EB-46C9-B074-8AD59D23D4E0}.Debug|Any CPU.ActiveCfg = Debug|Any CPU
		{4C475A8A-74EB-46C9-B074-8AD59D23D4E0}.Debug|Any CPU.Build.0 = Debug|Any CPU
		{4C475A8A-74EB-46C9-B074-8AD59D23D4E0}.Release|Any CPU.ActiveCfg = Release|Any CPU
		{4C475A8A-74EB-46C9-B074-8AD59D23D4E0}.Release|Any CPU.Build.0 = Release|Any CPU
		{1FF52FD9-4AA9-4FEF-8DF8-8F7B0AD299F3}.Debug|Any CPU.ActiveCfg = Debug|Any CPU
		{1FF52FD9-4AA9-4FEF-8DF8-8F7B0AD299F3}.Debug|Any CPU.Build.0 = Debug|Any CPU
		{1FF52FD9-4AA9-4FEF-8DF8-8F7B0AD299F3}.Release|Any CPU.ActiveCfg = Release|Any CPU
		{1FF52FD9-4AA9-4FEF-8DF8-8F7B0AD299F3}.Release|Any CPU.Build.0 = Release|Any CPU
	EndGlobalSection
	GlobalSection(SolutionProperties) = preSolution
		HideSolutionNode = FALSE
	EndGlobalSection
	GlobalSection(ExtensibilityGlobals) = postSolution
		SolutionGuid = {4F305FC5-0E84-4CB6-96A8-338E1ADEB1C2}
	EndGlobalSection
EndGlobal
